{
  "requires": true,
  "lockfileVersion": 1,
  "dependencies": {
    "vanilla-emoji-picker": {
      "version": "0.2.4",
      "resolved": "https://registry.npmjs.org/vanilla-emoji-picker/-/vanilla-emoji-picker-0.2.4.tgz",
      "integrity": "sha512-hgSpluCiO17SAWrKI9U0DTBu7ze2pv0+ZcpzcMUIweON/8pIvFk+yH9d53t90NVEwF5r2aj4vcMSznpYs2scbA=="
    }
  }
}
